
Microsoft Visual Studio Solution File, Format Version 12.00
# Visual Studio 15
VisualStudioVersion = 15.0.28307.757
MinimumVisualStudioVersion = 10.0.40219.1
Project("{FAE04EC0-301F-11D3-BF4B-00C04F79EFBC}") = "DFerries", "DFerries\DFerries.csproj", "{A706EEAC-AF72-4703-996D-B3995AFFFE73}"
EndProject
Project("{FAE04EC0-301F-11D3-BF4B-00C04F79EFBC}") = "MiddleTier", "MiddleTier\MiddleTier.csproj", "{71C62882-B00D-497D-8C71-FF987967EE77}"
EndProject
Project("{FAE04EC0-301F-11D3-BF4B-00C04F79EFBC}") = "DAL", "DAL\DAL.csproj", "{7E09E3F3-BD8E-47AF-90DC-B0F790E7EEBE}"
EndProject
Global
	GlobalSection(SolutionConfigurationPlatforms) = preSolution
		Debug|Any CPU = Debug|Any CPU
		Release|Any CPU = Release|Any CPU
	EndGlobalSection
	GlobalSection(ProjectConfigurationPlatforms) = postSolution
		{A706EEAC-AF72-4703-996D-B3995AFFFE73}.Debug|Any CPU.ActiveCfg = Debug|Any CPU
		{A706EEAC-AF72-4703-996D-B3995AFFFE73}.Debug|Any CPU.Build.0 = Debug|Any CPU
		{A706EEAC-AF72-4703-996D-B3995AFFFE73}.Release|Any CPU.ActiveCfg = Release|Any CPU
		{A706EEAC-AF72-4703-996D-B3995AFFFE73}.Release|Any CPU.Build.0 = Release|Any CPU
		{71C62882-B00D-497D-8C71-FF987967EE77}.Debug|Any CPU.ActiveCfg = Debug|Any CPU
		{71C62882-B00D-497D-8C71-FF987967EE77}.Debug|Any CPU.Build.0 = Debug|Any CPU
		{71C62882-B00D-497D-8C71-FF987967EE77}.Release|Any CPU.ActiveCfg = Release|Any CPU
		{71C62882-B00D-497D-8C71-FF987967EE77}.Release|Any CPU.Build.0 = Release|Any CPU
		{7E09E3F3-BD8E-47AF-90DC-B0F790E7EEBE}.Debug|Any CPU.ActiveCfg = Debug|Any CPU
		{7E09E3F3-BD8E-47AF-90DC-B0F790E7EEBE}.Debug|Any CPU.Build.0 = Debug|Any CPU
		{7E09E3F3-BD8E-47AF-90DC-B0F790E7EEBE}.Release|Any CPU.ActiveCfg = Release|Any CPU
		{7E09E3F3-BD8E-47AF-90DC-B0F790E7EEBE}.Release|Any CPU.Build.0 = Release|Any CPU
	EndGlobalSection
	GlobalSection(SolutionProperties) = preSolution
		HideSolutionNode = FALSE
	EndGlobalSection
	GlobalSection(ExtensibilityGlobals) = postSolution
		SolutionGuid = {6B8F1631-5C91-4979-91EE-91AE05F4DD6F}
	EndGlobalSection
EndGlobal
